// !$*UTF8*$!
{
	archiveVersion = 1;
	classes = {
	};
	objectVersion = 45;
	objects = {

/* Begin PBXBuildFile section */
		01250E25112D533F00277879 /* Credits.html in Resources */ = {isa = PBXBuildFile; fileRef = 01250E23112D533F00277879 /* Credits.html */; };
		01250E2C112D547B00277879 /* Credits.md in Resources */ = {isa = PBXBuildFile; fileRef = 01250E2A112D547B00277879 /* Credits.md */; };
		01250E2D112D547B00277879 /* License.md in Resources */ = {isa = PBXBuildFile; fileRef = 01250E2B112D547B00277879 /* License.md */; };
		01250E30112D549A00277879 /* CreditsStub.html in Resources */ = {isa = PBXBuildFile; fileRef = 01250E2E112D549A00277879 /* CreditsStub.html */; };
		015E1710111CE0C9006A9BFB /* Sparkle.framework in Frameworks */ = {isa = PBXBuildFile; fileRef = 015E170F111CE0C9006A9BFB /* Sparkle.framework */; };
		015E171C111CE0ED006A9BFB /* Sparkle.framework in CopyFiles */ = {isa = PBXBuildFile; fileRef = 015E170F111CE0C9006A9BFB /* Sparkle.framework */; };
		015E1727111CE25F006A9BFB /* rhpnotifier_dsa_pub.pem in Resources */ = {isa = PBXBuildFile; fileRef = 015E1726111CE25F006A9BFB /* rhpnotifier_dsa_pub.pem */; };
		017525AF1118301800F86785 /* AppKit.framework in Frameworks */ = {isa = PBXBuildFile; fileRef = 017525AE1118301800F86785 /* AppKit.framework */; };
		01A5C2F8110631B400651AB9 /* AppController.m in Sources */ = {isa = PBXBuildFile; fileRef = 01A5C2F1110631B400651AB9 /* AppController.m */; };
		01A5C2FA110631B400651AB9 /* NSHTTPCookieStorage+FilterNames.m in Sources */ = {isa = PBXBuildFile; fileRef = 01A5C2F5110631B400651AB9 /* NSHTTPCookieStorage+FilterNames.m */; };
		01A5C2FB110631B400651AB9 /* RhpChecker.m in Sources */ = {isa = PBXBuildFile; fileRef = 01A5C2F7110631B400651AB9 /* RhpChecker.m */; };
		01A5C30B1106328200651AB9 /* App.xib in Resources */ = {isa = PBXBuildFile; fileRef = 01A5C3091106328200651AB9 /* App.xib */; };
		01C8931C1133E08E00FE2280 /* LoginItem.m in Sources */ = {isa = PBXBuildFile; fileRef = 01C8931B1133E08E00FE2280 /* LoginItem.m */; };
		01C894DF11342A1200FE2280 /* Permission.html in Resources */ = {isa = PBXBuildFile; fileRef = 01C894DE11342A1200FE2280 /* Permission.html */; };
		01E7B424111ABE0900D5DACE /* Login.html in Resources */ = {isa = PBXBuildFile; fileRef = 01E7B422111ABE0900D5DACE /* Login.html */; };
		01E7B55D111B545B00D5DACE /* PawnIcon.icns in Resources */ = {isa = PBXBuildFile; fileRef = 01E7B55C111B545B00D5DACE /* PawnIcon.icns */; };
		01E7B561111B547100D5DACE /* PawnStatusBlack.png in Resources */ = {isa = PBXBuildFile; fileRef = 01E7B55E111B547100D5DACE /* PawnStatusBlack.png */; };
		01E7B562111B547100D5DACE /* PawnStatusGrey.png in Resources */ = {isa = PBXBuildFile; fileRef = 01E7B55F111B547100D5DACE /* PawnStatusGrey.png */; };
		01E7B563111B547100D5DACE /* PawnStatusRed.png in Resources */ = {isa = PBXBuildFile; fileRef = 01E7B560111B547100D5DACE /* PawnStatusRed.png */; };
		8D11072B0486CEB800E47090 /* InfoPlist.strings in Resources */ = {isa = PBXBuildFile; fileRef = 089C165CFE840E0CC02AAC07 /* InfoPlist.strings */; };
		8D11072D0486CEB800E47090 /* main.m in Sources */ = {isa = PBXBuildFile; fileRef = 29B97316FDCFA39411CA2CEA /* main.m */; settings = {ATTRIBUTES = (); }; };
/* End PBXBuildFile section */

/* Begin PBXCopyFilesBuildPhase section */
		015E1725111CE102006A9BFB /* CopyFiles */ = {
			isa = PBXCopyFilesBuildPhase;
			buildActionMask = 2147483647;
			dstPath = "";
			dstSubfolderSpec = 10;
			files = (
				015E171C111CE0ED006A9BFB /* Sparkle.framework in CopyFiles */,
			);
			runOnlyForDeploymentPostprocessing = 0;
		};
/* End PBXCopyFilesBuildPhase section */

/* Begin PBXFileReference section */
		01250E24112D533F00277879 /* English */ = {isa = PBXFileReference; fileEncoding = 4; lastKnownFileType = text.html; name = English; path = English.lproj/Credits.html; sourceTree = "<group>"; };
		01250E2A112D547B00277879 /* Credits.md */ = {isa = PBXFileReference; fileEncoding = 4; lastKnownFileType = text; path = Credits.md; sourceTree = "<group>"; };
		01250E2B112D547B00277879 /* License.md */ = {isa = PBXFileReference; fileEncoding = 4; lastKnownFileType = text; path = License.md; sourceTree = "<group>"; };
		01250E2F112D549A00277879 /* English */ = {isa = PBXFileReference; fileEncoding = 4; lastKnownFileType = text.html; name = English; path = English.lproj/CreditsStub.html; sourceTree = "<group>"; };
		015E170F111CE0C9006A9BFB /* Sparkle.framework */ = {isa = PBXFileReference; lastKnownFileType = wrapper.framework; path = Sparkle.framework; sourceTree = "<group>"; };
		015E1726111CE25F006A9BFB /* rhpnotifier_dsa_pub.pem */ = {isa = PBXFileReference; fileEncoding = 4; lastKnownFileType = text; path = rhpnotifier_dsa_pub.pem; sourceTree = "<group>"; };
		017525AE1118301800F86785 /* AppKit.framework */ = {isa = PBXFileReference; lastKnownFileType = wrapper.framework; name = AppKit.framework; path = System/Library/Frameworks/AppKit.framework; sourceTree = SDKROOT; };
		01A5C2F0110631B400651AB9 /* AppController.h */ = {isa = PBXFileReference; fileEncoding = 4; lastKnownFileType = sourcecode.c.h; path = AppController.h; sourceTree = "<group>"; };
		01A5C2F1110631B400651AB9 /* AppController.m */ = {isa = PBXFileReference; fileEncoding = 4; lastKnownFileType = sourcecode.c.objc; path = AppController.m; sourceTree = "<group>"; };
		01A5C2F4110631B400651AB9 /* NSHTTPCookieStorage+FilterNames.h */ = {isa = PBXFileReference; fileEncoding = 4; lastKnownFileType = sourcecode.c.h; path = "NSHTTPCookieStorage+FilterNames.h"; sourceTree = "<group>"; };
		01A5C2F5110631B400651AB9 /* NSHTTPCookieStorage+FilterNames.m */ = {isa = PBXFileReference; fileEncoding = 4; lastKnownFileType = sourcecode.c.objc; path = "NSHTTPCookieStorage+FilterNames.m"; sourceTree = "<group>"; };
		01A5C2F6110631B400651AB9 /* RhpChecker.h */ = {isa = PBXFileReference; fileEncoding = 4; lastKnownFileType = sourcecode.c.h; path = RhpChecker.h; sourceTree = "<group>"; };
		01A5C2F7110631B400651AB9 /* RhpChecker.m */ = {isa = PBXFileReference; fileEncoding = 4; lastKnownFileType = sourcecode.c.objc; path = RhpChecker.m; sourceTree = "<group>"; };
		01A5C30A1106328200651AB9 /* English */ = {isa = PBXFileReference; lastKnownFileType = file.xib; name = English; path = English.lproj/App.xib; sourceTree = "<group>"; };
		01B0C83D110F24DB002052CC /* debug.h */ = {isa = PBXFileReference; fileEncoding = 4; lastKnownFileType = sourcecode.c.h; path = debug.h; sourceTree = "<group>"; };
		01C8931A1133E08E00FE2280 /* LoginItem.h */ = {isa = PBXFileReference; fileEncoding = 4; lastKnownFileType = sourcecode.c.h; path = LoginItem.h; sourceTree = "<group>"; };
		01C8931B1133E08E00FE2280 /* LoginItem.m */ = {isa = PBXFileReference; fileEncoding = 4; lastKnownFileType = sourcecode.c.objc; path = LoginItem.m; sourceTree = "<group>"; };
		01C894DE11342A1200FE2280 /* Permission.html */ = {isa = PBXFileReference; fileEncoding = 4; lastKnownFileType = text.html; path = Permission.html; sourceTree = "<group>"; };
		01E7B423111ABE0900D5DACE /* English */ = {isa = PBXFileReference; fileEncoding = 4; lastKnownFileType = text.html; name = English; path = English.lproj/Login.html; sourceTree = "<group>"; };
		01E7B55C111B545B00D5DACE /* PawnIcon.icns */ = {isa = PBXFileReference; lastKnownFileType = image.icns; name = PawnIcon.icns; path = graphics/PawnIcon.icns; sourceTree = "<group>"; };
		01E7B55E111B547100D5DACE /* PawnStatusBlack.png */ = {isa = PBXFileReference; lastKnownFileType = image.png; name = PawnStatusBlack.png; path = graphics/PawnStatusBlack.png; sourceTree = "<group>"; };
		01E7B55F111B547100D5DACE /* PawnStatusGrey.png */ = {isa = PBXFileReference; lastKnownFileType = image.png; name = PawnStatusGrey.png; path = graphics/PawnStatusGrey.png; sourceTree = "<group>"; };
		01E7B560111B547100D5DACE /* PawnStatusRed.png */ = {isa = PBXFileReference; lastKnownFileType = image.png; name = PawnStatusRed.png; path = graphics/PawnStatusRed.png; sourceTree = "<group>"; };
		089C165DFE840E0CC02AAC07 /* English */ = {isa = PBXFileReference; fileEncoding = 4; lastKnownFileType = text.plist.strings; name = English; path = English.lproj/InfoPlist.strings; sourceTree = "<group>"; };
		256AC3F00F4B6AF500CF3369 /* rhpnotifier_Prefix.pch */ = {isa = PBXFileReference; fileEncoding = 4; lastKnownFileType = sourcecode.c.h; path = rhpnotifier_Prefix.pch; sourceTree = "<group>"; };
		29B97316FDCFA39411CA2CEA /* main.m */ = {isa = PBXFileReference; fileEncoding = 4; lastKnownFileType = sourcecode.c.objc; path = main.m; sourceTree = "<group>"; };
		29B97324FDCFA39411CA2CEA /* AppKit.framework */ = {isa = PBXFileReference; lastKnownFileType = wrapper.framework; name = AppKit.framework; path = /System/Library/Frameworks/AppKit.framework; sourceTree = "<absolute>"; };
		8D1107310486CEB800E47090 /* rhpnotifier-Info.plist */ = {isa = PBXFileReference; fileEncoding = 4; lastKnownFileType = text.plist.xml; path = "rhpnotifier-Info.plist"; sourceTree = "<group>"; };
		8D1107320486CEB800E47090 /* RHP Notifier.app */ = {isa = PBXFileReference; explicitFileType = wrapper.application; includeInIndex = 0; path = "RHP Notifier.app"; sourceTree = BUILT_PRODUCTS_DIR; };
/* End PBXFileReference section */

/* Begin PBXFrameworksBuildPhase section */
		8D11072E0486CEB800E47090 /* Frameworks */ = {
			isa = PBXFrameworksBuildPhase;
			buildActionMask = 2147483647;
			files = (
				017525AF1118301800F86785 /* AppKit.framework in Frameworks */,
				015E1710111CE0C9006A9BFB /* Sparkle.framework in Frameworks */,
			);
			runOnlyForDeploymentPostprocessing = 0;
		};
/* End PBXFrameworksBuildPhase section */

/* Begin PBXGroup section */
		01250E35112D551500277879 /* Text */ = {
			isa = PBXGroup;
			children = (
				01250E2A112D547B00277879 /* Credits.md */,
				01250E2B112D547B00277879 /* License.md */,
				01250E2E112D549A00277879 /* CreditsStub.html */,
			);
			name = Text;
			sourceTree = "<group>";
		};
		080E96DDFE201D6D7F000001 /* Classes */ = {
			isa = PBXGroup;
			children = (
				01C8931A1133E08E00FE2280 /* LoginItem.h */,
				01C8931B1133E08E00FE2280 /* LoginItem.m */,
				01A5C2F0110631B400651AB9 /* AppController.h */,
				01A5C2F1110631B400651AB9 /* AppController.m */,
				01A5C2F4110631B400651AB9 /* NSHTTPCookieStorage+FilterNames.h */,
				01A5C2F5110631B400651AB9 /* NSHTTPCookieStorage+FilterNames.m */,
				01A5C2F6110631B400651AB9 /* RhpChecker.h */,
				01A5C2F7110631B400651AB9 /* RhpChecker.m */,
			);
			name = Classes;
			sourceTree = "<group>";
		};
		1058C7A0FEA54F0111CA2CBB /* Linked Frameworks */ = {
			isa = PBXGroup;
			children = (
				015E170F111CE0C9006A9BFB /* Sparkle.framework */,
				29B97324FDCFA39411CA2CEA /* AppKit.framework */,
			);
			name = "Linked Frameworks";
			sourceTree = "<group>";
		};
		1058C7A2FEA54F0111CA2CBB /* Other Frameworks */ = {
			isa = PBXGroup;
			children = (
			);
			name = "Other Frameworks";
			sourceTree = "<group>";
		};
		19C28FACFE9D520D11CA2CBB /* Products */ = {
			isa = PBXGroup;
			children = (
				8D1107320486CEB800E47090 /* RHP Notifier.app */,
			);
			name = Products;
			sourceTree = "<group>";
		};
		29B97314FDCFA39411CA2CEA /* rhpchecker */ = {
			isa = PBXGroup;
			children = (
				080E96DDFE201D6D7F000001 /* Classes */,
				29B97315FDCFA39411CA2CEA /* Other Sources */,
				29B97317FDCFA39411CA2CEA /* Resources */,
				29B97323FDCFA39411CA2CEA /* Frameworks */,
				19C28FACFE9D520D11CA2CBB /* Products */,
				017525AE1118301800F86785 /* AppKit.framework */,
			);
			name = rhpchecker;
			sourceTree = "<group>";
		};
		29B97315FDCFA39411CA2CEA /* Other Sources */ = {
			isa = PBXGroup;
			children = (
				01250E35112D551500277879 /* Text */,
				01B0C83D110F24DB002052CC /* debug.h */,
				256AC3F00F4B6AF500CF3369 /* rhpnotifier_Prefix.pch */,
				29B97316FDCFA39411CA2CEA /* main.m */,
			);
			name = "Other Sources";
			sourceTree = "<group>";
		};
		29B97317FDCFA39411CA2CEA /* Resources */ = {
			isa = PBXGroup;
			children = (
				01250E23112D533F00277879 /* Credits.html */,
				015E1726111CE25F006A9BFB /* rhpnotifier_dsa_pub.pem */,
				01E7B55E111B547100D5DACE /* PawnStatusBlack.png */,
				01E7B55F111B547100D5DACE /* PawnStatusGrey.png */,
				01E7B560111B547100D5DACE /* PawnStatusRed.png */,
				01E7B55C111B545B00D5DACE /* PawnIcon.icns */,
				01E7B422111ABE0900D5DACE /* Login.html */,
				01A5C3091106328200651AB9 /* App.xib */,
				8D1107310486CEB800E47090 /* rhpnotifier-Info.plist */,
				089C165CFE840E0CC02AAC07 /* InfoPlist.strings */,
				01C894DE11342A1200FE2280 /* Permission.html */,
			);
			name = Resources;
			sourceTree = "<group>";
		};
		29B97323FDCFA39411CA2CEA /* Frameworks */ = {
			isa = PBXGroup;
			children = (
				1058C7A0FEA54F0111CA2CBB /* Linked Frameworks */,
				1058C7A2FEA54F0111CA2CBB /* Other Frameworks */,
			);
			name = Frameworks;
			sourceTree = "<group>";
		};
/* End PBXGroup section */

/* Begin PBXNativeTarget section */
		8D1107260486CEB800E47090 /* rhpnotifier */ = {
			isa = PBXNativeTarget;
			buildConfigurationList = C01FCF4A08A954540054247B /* Build configuration list for PBXNativeTarget "rhpnotifier" */;
			buildPhases = (
				8D1107290486CEB800E47090 /* Resources */,
				8D11072C0486CEB800E47090 /* Sources */,
				8D11072E0486CEB800E47090 /* Frameworks */,
				015E1725111CE102006A9BFB /* CopyFiles */,
				01250E04112D49E700277879 /* ShellScript */,
			);
			buildRules = (
			);
			dependencies = (
			);
			name = rhpnotifier;
			productInstallPath = "$(HOME)/Applications";
			productName = rhpchecker;
			productReference = 8D1107320486CEB800E47090 /* RHP Notifier.app */;
			productType = "com.apple.product-type.application";
		};
/* End PBXNativeTarget section */

/* Begin PBXProject section */
		29B97313FDCFA39411CA2CEA /* Project object */ = {
			isa = PBXProject;
			buildConfigurationList = C01FCF4E08A954540054247B /* Build configuration list for PBXProject "rhpnotifier" */;
			compatibilityVersion = "Xcode 3.1";
			hasScannedForEncodings = 1;
			mainGroup = 29B97314FDCFA39411CA2CEA /* rhpchecker */;
			projectDirPath = "";
			projectRoot = "";
			targets = (
				8D1107260486CEB800E47090 /* rhpnotifier */,
			);
		};
/* End PBXProject section */

/* Begin PBXResourcesBuildPhase section */
		8D1107290486CEB800E47090 /* Resources */ = {
			isa = PBXResourcesBuildPhase;
			buildActionMask = 2147483647;
			files = (
				8D11072B0486CEB800E47090 /* InfoPlist.strings in Resources */,
				01A5C30B1106328200651AB9 /* App.xib in Resources */,
				01E7B424111ABE0900D5DACE /* Login.html in Resources */,
				01E7B55D111B545B00D5DACE /* PawnIcon.icns in Resources */,
				01E7B561111B547100D5DACE /* PawnStatusBlack.png in Resources */,
				01E7B562111B547100D5DACE /* PawnStatusGrey.png in Resources */,
				01E7B563111B547100D5DACE /* PawnStatusRed.png in Resources */,
				015E1727111CE25F006A9BFB /* rhpnotifier_dsa_pub.pem in Resources */,
				01250E25112D533F00277879 /* Credits.html in Resources */,
				01250E2C112D547B00277879 /* Credits.md in Resources */,
				01250E2D112D547B00277879 /* License.md in Resources */,
				01250E30112D549A00277879 /* CreditsStub.html in Resources */,
				01C894DF11342A1200FE2280 /* Permission.html in Resources */,
			);
			runOnlyForDeploymentPostprocessing = 0;
		};
/* End PBXResourcesBuildPhase section */

/* Begin PBXShellScriptBuildPhase section */
		01250E04112D49E700277879 /* ShellScript */ = {
			isa = PBXShellScriptBuildPhase;
			buildActionMask = 2147483647;
			files = (
			);
			inputPaths = (
				"$(SRCROOT)/License.md",
				"$(SRCROOT)/Credits.md",
				"$(SRCROOT)/English.lproj/CreditsStub.html",
			);
			outputPaths = (
				"$(SRCROOT)/English.lproj/Credits.html",
			);
			runOnlyForDeploymentPostprocessing = 0;
			shellPath = /bin/sh;
			shellScript = "cat English.lproj/CreditsStub.html > English.lproj/Credits.html\nbluecloth -f Credits.md >> English.lproj/Credits.html\nbluecloth -f License.md >> English.lproj/Credits.html";
		};
/* End PBXShellScriptBuildPhase section */

/* Begin PBXSourcesBuildPhase section */
		8D11072C0486CEB800E47090 /* Sources */ = {
			isa = PBXSourcesBuildPhase;
			buildActionMask = 2147483647;
			files = (
				8D11072D0486CEB800E47090 /* main.m in Sources */,
				01A5C2F8110631B400651AB9 /* AppController.m in Sources */,
				01A5C2FA110631B400651AB9 /* NSHTTPCookieStorage+FilterNames.m in Sources */,
				01A5C2FB110631B400651AB9 /* RhpChecker.m in Sources */,
				01C8931C1133E08E00FE2280 /* LoginItem.m in Sources */,
			);
			runOnlyForDeploymentPostprocessing = 0;
		};
/* End PBXSourcesBuildPhase section */

/* Begin PBXVariantGroup section */
		01250E23112D533F00277879 /* Credits.html */ = {
			isa = PBXVariantGroup;
			children = (
				01250E24112D533F00277879 /* English */,
			);
			name = Credits.html;
			sourceTree = "<group>";
		};
		01250E2E112D549A00277879 /* CreditsStub.html */ = {
			isa = PBXVariantGroup;
			children = (
				01250E2F112D549A00277879 /* English */,
			);
			name = CreditsStub.html;
			sourceTree = "<group>";
		};
		01A5C3091106328200651AB9 /* App.xib */ = {
			isa = PBXVariantGroup;
			children = (
				01A5C30A1106328200651AB9 /* English */,
			);
			name = App.xib;
			sourceTree = "<group>";
		};
		01E7B422111ABE0900D5DACE /* Login.html */ = {
			isa = PBXVariantGroup;
			children = (
				01E7B423111ABE0900D5DACE /* English */,
			);
			name = Login.html;
			sourceTree = "<group>";
		};
		089C165CFE840E0CC02AAC07 /* InfoPlist.strings */ = {
			isa = PBXVariantGroup;
			children = (
				089C165DFE840E0CC02AAC07 /* English */,
			);
			name = InfoPlist.strings;
			sourceTree = "<group>";
		};
/* End PBXVariantGroup section */

/* Begin XCBuildConfiguration section */
		C01FCF4B08A954540054247B /* Debug */ = {
			isa = XCBuildConfiguration;
			buildSettings = {
				ALWAYS_SEARCH_USER_PATHS = NO;
				COPY_PHASE_STRIP = NO;
				CURRENT_PROJECT_VERSION = 32;
				FRAMEWORK_SEARCH_PATHS = (
					"$(inherited)",
					"\"$(SRCROOT)\"",
				);
				GCC_DYNAMIC_NO_PIC = NO;
				GCC_ENABLE_FIX_AND_CONTINUE = YES;
				GCC_ENABLE_OBJC_GC = required;
				GCC_MODEL_TUNING = G5;
				GCC_OPTIMIZATION_LEVEL = 0;
				GCC_PRECOMPILE_PREFIX_HEADER = YES;
				GCC_PREFIX_HEADER = rhpnotifier_Prefix.pch;
				GCC_PREPROCESSOR_DEFINITIONS = DEBUG;
				INFOPLIST_FILE = "rhpnotifier-Info.plist";
				INSTALL_PATH = "$(HOME)/Applications";
				MACOSX_DEPLOYMENT_TARGET = 10.5;
				PRODUCT_NAME = "RHP Notifier";
				RUN_CLANG_STATIC_ANALYZER = YES;
				VERSIONING_SYSTEM = "apple-generic";
			};
			name = Debug;
		};
		C01FCF4C08A954540054247B /* Release */ = {
			isa = XCBuildConfiguration;
			buildSettings = {
				ALWAYS_SEARCH_USER_PATHS = NO;
				CURRENT_PROJECT_VERSION = 32;
				DEBUG_INFORMATION_FORMAT = "dwarf-with-dsym";
				FRAMEWORK_SEARCH_PATHS = (
					"$(inherited)",
					"\"$(SRCROOT)\"",
				);
				GCC_ENABLE_OBJC_GC = required;
				GCC_MODEL_TUNING = G5;
				GCC_PRECOMPILE_PREFIX_HEADER = YES;
				GCC_PREFIX_HEADER = rhpnotifier_Prefix.pch;
				GCC_PREPROCESSOR_DEFINITIONS = NS_BLOCK_ASSERTIONS;
				INFOPLIST_FILE = "rhpnotifier-Info.plist";
				INSTALL_PATH = "$(HOME)/Applications";
				MACOSX_DEPLOYMENT_TARGET = 10.5;
				PRODUCT_NAME = "RHP Notifier";
				RUN_CLANG_STATIC_ANALYZER = YES;
				VERSIONING_SYSTEM = "apple-generic";
			};
			name = Release;
		};
		C01FCF4F08A954540054247B /* Debug */ = {
			isa = XCBuildConfiguration;
			buildSettings = {
				ARCHS = "$(ARCHS_STANDARD_32_64_BIT)";
				GCC_C_LANGUAGE_STANDARD = gnu99;
				GCC_OPTIMIZATION_LEVEL = 0;
				GCC_WARN_ABOUT_RETURN_TYPE = YES;
				GCC_WARN_UNUSED_VARIABLE = YES;
				ONLY_ACTIVE_ARCH = YES;
				PREBINDING = NO;
				SDKROOT = macosx10.6;
			};
			name = Debug;
		};
		C01FCF5008A954540054247B /* Release */ = {
			isa = XCBuildConfiguration;
			buildSettings = {
				ARCHS = "$(ARCHS_STANDARD_32_64_BIT)";
				GCC_C_LANGUAGE_STANDARD = gnu99;
				GCC_WARN_ABOUT_RETURN_TYPE = YES;
				GCC_WARN_UNUSED_VARIABLE = YES;
				PREBINDING = NO;
				SDKROOT = macosx10.6;
			};
			name = Release;
		};
/* End XCBuildConfiguration section */

/* Begin XCConfigurationList section */
		C01FCF4A08A954540054247B /* Build configuration list for PBXNativeTarget "rhpnotifier" */ = {
			isa = XCConfigurationList;
			buildConfigurations = (
				C01FCF4B08A954540054247B /* Debug */,
				C01FCF4C08A954540054247B /* Release */,
			);
			defaultConfigurationIsVisible = 0;
			defaultConfigurationName = Release;
		};
		C01FCF4E08A954540054247B /* Build configuration list for PBXProject "rhpnotifier" */ = {
			isa = XCConfigurationList;
			buildConfigurations = (
				C01FCF4F08A954540054247B /* Debug */,
				C01FCF5008A954540054247B /* Release */,
			);
			defaultConfigurationIsVisible = 0;
			defaultConfigurationName = Release;
		};
/* End XCConfigurationList section */
	};
	rootObject = 29B97313FDCFA39411CA2CEA /* Project object */;
}
